
Microsoft Visual Studio Solution File, Format Version 12.00
# Visual Studio Version 17
VisualStudioVersion = 17.4.33205.214
MinimumVisualStudioVersion = 10.0.40219.1
Project("{FAE04EC0-301F-11D3-BF4B-00C04F79EFBC}") = "Session-07", "Session-07.csproj", "{B2C0D825-2D75-4A4E-997A-37A989DC3C95}"
EndProject
Global
	GlobalSection(SolutionConfigurationPlatforms) = preSolution
		Debug|Any CPU = Debug|Any CPU
		Release|Any CPU = Release|Any CPU
	EndGlobalSection
	GlobalSection(ProjectConfigurationPlatforms) = postSolution
		{B2C0D825-2D75-4A4E-997A-37A989DC3C95}.Debug|Any CPU.ActiveCfg = Debug|Any CPU
		{B2C0D825-2D75-4A4E-997A-37A989DC3C95}.Debug|Any CPU.Build.0 = Debug|Any CPU
		{B2C0D825-2D75-4A4E-997A-37A989DC3C95}.Release|Any CPU.ActiveCfg = Release|Any CPU
		{B2C0D825-2D75-4A4E-997A-37A989DC3C95}.Release|Any CPU.Build.0 = Release|Any CPU
	EndGlobalSection
	GlobalSection(SolutionProperties) = preSolution
		HideSolutionNode = FALSE
	EndGlobalSection
	GlobalSection(ExtensibilityGlobals) = postSolution
		SolutionGuid = {FD36E77F-A67B-4777-AFCD-4DD0DBA08B03}
	EndGlobalSection
EndGlobal
