
Microsoft Visual Studio Solution File, Format Version 12.00
# Visual Studio Version 17
VisualStudioVersion = 17.4.33205.214
MinimumVisualStudioVersion = 10.0.40219.1
Project("{FAE04EC0-301F-11D3-BF4B-00C04F79EFBC}") = "Reserve Coding School-2023", "Reserve Coding School-2023.csproj", "{04F7F753-C4AB-42CE-A68B-0F1541E79BAE}"
EndProject
Global
	GlobalSection(SolutionConfigurationPlatforms) = preSolution
		Debug|Any CPU = Debug|Any CPU
		Release|Any CPU = Release|Any CPU
	EndGlobalSection
	GlobalSection(ProjectConfigurationPlatforms) = postSolution
		{04F7F753-C4AB-42CE-A68B-0F1541E79BAE}.Debug|Any CPU.ActiveCfg = Debug|Any CPU
		{04F7F753-C4AB-42CE-A68B-0F1541E79BAE}.Debug|Any CPU.Build.0 = Debug|Any CPU
		{04F7F753-C4AB-42CE-A68B-0F1541E79BAE}.Release|Any CPU.ActiveCfg = Release|Any CPU
		{04F7F753-C4AB-42CE-A68B-0F1541E79BAE}.Release|Any CPU.Build.0 = Release|Any CPU
	EndGlobalSection
	GlobalSection(SolutionProperties) = preSolution
		HideSolutionNode = FALSE
	EndGlobalSection
	GlobalSection(ExtensibilityGlobals) = postSolution
		SolutionGuid = {B60211DD-FBA2-4E33-B8BD-BCA02F2AD70C}
	EndGlobalSection
EndGlobal
