
Microsoft Visual Studio Solution File, Format Version 12.00
# Visual Studio Version 17
VisualStudioVersion = 17.4.33213.308
MinimumVisualStudioVersion = 10.0.40219.1
Project("{FAE04EC0-301F-11D3-BF4B-00C04F79EFBC}") = "EF.Course.Win", "Session-16\EF.Course.Win.csproj", "{9717B26F-971E-4E3F-AC4F-641936B1C9DC}"
EndProject
Global
	GlobalSection(SolutionConfigurationPlatforms) = preSolution
		Debug|Any CPU = Debug|Any CPU
		Release|Any CPU = Release|Any CPU
	EndGlobalSection
	GlobalSection(ProjectConfigurationPlatforms) = postSolution
		{9717B26F-971E-4E3F-AC4F-641936B1C9DC}.Debug|Any CPU.ActiveCfg = Debug|Any CPU
		{9717B26F-971E-4E3F-AC4F-641936B1C9DC}.Debug|Any CPU.Build.0 = Debug|Any CPU
		{9717B26F-971E-4E3F-AC4F-641936B1C9DC}.Release|Any CPU.ActiveCfg = Release|Any CPU
		{9717B26F-971E-4E3F-AC4F-641936B1C9DC}.Release|Any CPU.Build.0 = Release|Any CPU
	EndGlobalSection
	GlobalSection(SolutionProperties) = preSolution
		HideSolutionNode = FALSE
	EndGlobalSection
	GlobalSection(ExtensibilityGlobals) = postSolution
		SolutionGuid = {7374B9B1-914A-44D1-AF36-A1DE9BC66CC2}
	EndGlobalSection
EndGlobal
